// !$*UTF8*$!
{
	archiveVersion = 1;
	classes = {
	};
	objectVersion = 56;
	objects = {

/* Begin PBXBuildFile section */
		3DA6DDEC2A1E158C00ACDC62 /* qr_scannerApp.swift in Sources */ = {isa = PBXBuildFile; fileRef = 3DA6DDEB2A1E158C00ACDC62 /* qr_scannerApp.swift */; };
		3DA6DDEE2A1E158C00ACDC62 /* ContentView.swift in Sources */ = {isa = PBXBuildFile; fileRef = 3DA6DDED2A1E158C00ACDC62 /* ContentView.swift */; };
		3DA6DDF02A1E158D00ACDC62 /* Assets.xcassets in Resources */ = {isa = PBXBuildFile; fileRef = 3DA6DDEF2A1E158D00ACDC62 /* Assets.xcassets */; };
		3DA6DDF32A1E158D00ACDC62 /* Preview Assets.xcassets in Resources */ = {isa = PBXBuildFile; fileRef = 3DA6DDF22A1E158D00ACDC62 /* Preview Assets.xcassets */; };
		3DA6DDFD2A1E158D00ACDC62 /* qr_scannerTests.swift in Sources */ = {isa = PBXBuildFile; fileRef = 3DA6DDFC2A1E158D00ACDC62 /* qr_scannerTests.swift */; };
		3DA6DE072A1E158D00ACDC62 /* qr_scannerUITests.swift in Sources */ = {isa = PBXBuildFile; fileRef = 3DA6DE062A1E158D00ACDC62 /* qr_scannerUITests.swift */; };
		3DA6DE092A1E158D00ACDC62 /* qr_scannerUITestsLaunchTests.swift in Sources */ = {isa = PBXBuildFile; fileRef = 3DA6DE082A1E158D00ACDC62 /* qr_scannerUITestsLaunchTests.swift */; };
		3DA6DE172A1E165A00ACDC62 /* SwiftQRCodeScanner in Frameworks */ = {isa = PBXBuildFile; productRef = 3DA6DE162A1E165A00ACDC62 /* SwiftQRCodeScanner */; };
		3DA6DE192A1E18C400ACDC62 /* QRScanner.swift in Sources */ = {isa = PBXBuildFile; fileRef = 3DA6DE182A1E18C400ACDC62 /* QRScanner.swift */; };
/* End PBXBuildFile section */

/* Begin PBXContainerItemProxy section */
		3DA6DDF92A1E158D00ACDC62 /* PBXContainerItemProxy */ = {
			isa = PBXContainerItemProxy;
			containerPortal = 3DA6DDE02A1E158C00ACDC62 /* Project object */;
			proxyType = 1;
			remoteGlobalIDString = 3DA6DDE72A1E158C00ACDC62;
			remoteInfo = qr_scanner;
		};
		3DA6DE032A1E158D00ACDC62 /* PBXContainerItemProxy */ = {
			isa = PBXContainerItemProxy;
			containerPortal = 3DA6DDE02A1E158C00ACDC62 /* Project object */;
			proxyType = 1;
			remoteGlobalIDString = 3DA6DDE72A1E158C00ACDC62;
			remoteInfo = qr_scanner;
		};
/* End PBXContainerItemProxy section */

/* Begin PBXFileReference section */
		3DA6DDE82A1E158C00ACDC62 /* qr_scanner.app */ = {isa = PBXFileReference; explicitFileType = wrapper.application; includeInIndex = 0; path = qr_scanner.app; sourceTree = BUILT_PRODUCTS_DIR; };
		3DA6DDEB2A1E158C00ACDC62 /* qr_scannerApp.swift */ = {isa = PBXFileReference; lastKnownFileType = sourcecode.swift; path = qr_scannerApp.swift; sourceTree = "<group>"; };
		3DA6DDED2A1E158C00ACDC62 /* ContentView.swift */ = {isa = PBXFileReference; lastKnownFileType = sourcecode.swift; path = ContentView.swift; sourceTree = "<group>"; };
		3DA6DDEF2A1E158D00ACDC62 /* Assets.xcassets */ = {isa = PBXFileReference; lastKnownFileType = folder.assetcatalog; path = Assets.xcassets; sourceTree = "<group>"; };
		3DA6DDF22A1E158D00ACDC62 /* Preview Assets.xcassets */ = {isa = PBXFileReference; lastKnownFileType = folder.assetcatalog; path = "Preview Assets.xcassets"; sourceTree = "<group>"; };
		3DA6DDF82A1E158D00ACDC62 /* qr_scannerTests.xctest */ = {isa = PBXFileReference; explicitFileType = wrapper.cfbundle; includeInIndex = 0; path = qr_scannerTests.xctest; sourceTree = BUILT_PRODUCTS_DIR; };
		3DA6DDFC2A1E158D00ACDC62 /* qr_scannerTests.swift */ = {isa = PBXFileReference; lastKnownFileType = sourcecode.swift; path = qr_scannerTests.swift; sourceTree = "<group>"; };
		3DA6DE022A1E158D00ACDC62 /* qr_scannerUITests.xctest */ = {isa = PBXFileReference; explicitFileType = wrapper.cfbundle; includeInIndex = 0; path = qr_scannerUITests.xctest; sourceTree = BUILT_PRODUCTS_DIR; };
		3DA6DE062A1E158D00ACDC62 /* qr_scannerUITests.swift */ = {isa = PBXFileReference; lastKnownFileType = sourcecode.swift; path = qr_scannerUITests.swift; sourceTree = "<group>"; };
		3DA6DE082A1E158D00ACDC62 /* qr_scannerUITestsLaunchTests.swift */ = {isa = PBXFileReference; lastKnownFileType = sourcecode.swift; path = qr_scannerUITestsLaunchTests.swift; sourceTree = "<group>"; };
		3DA6DE182A1E18C400ACDC62 /* QRScanner.swift */ = {isa = PBXFileReference; lastKnownFileType = sourcecode.swift; path = QRScanner.swift; sourceTree = "<group>"; };
		3DA6DE1A2A1E1D4C00ACDC62 /* qr-scanner-Info.plist */ = {isa = PBXFileReference; lastKnownFileType = text.plist; path = "qr-scanner-Info.plist"; sourceTree = SOURCE_ROOT; };
/* End PBXFileReference section */

/* Begin PBXFrameworksBuildPhase section */
		3DA6DDE52A1E158C00ACDC62 /* Frameworks */ = {
			isa = PBXFrameworksBuildPhase;
			buildActionMask = 2147483647;
			files = (
				3DA6DE172A1E165A00ACDC62 /* SwiftQRCodeScanner in Frameworks */,
			);
			runOnlyForDeploymentPostprocessing = 0;
		};
		3DA6DDF52A1E158D00ACDC62 /* Frameworks */ = {
			isa = PBXFrameworksBuildPhase;
			buildActionMask = 2147483647;
			files = (
			);
			runOnlyForDeploymentPostprocessing = 0;
		};
		3DA6DDFF2A1E158D00ACDC62 /* Frameworks */ = {
			isa = PBXFrameworksBuildPhase;
			buildActionMask = 2147483647;
			files = (
			);
			runOnlyForDeploymentPostprocessing = 0;
		};
/* End PBXFrameworksBuildPhase section */

/* Begin PBXGroup section */
		3DA6DDDF2A1E158C00ACDC62 = {
			isa = PBXGroup;
			children = (
				3DA6DDEA2A1E158C00ACDC62 /* qr_scanner */,
				3DA6DDFB2A1E158D00ACDC62 /* qr_scannerTests */,
				3DA6DE052A1E158D00ACDC62 /* qr_scannerUITests */,
				3DA6DDE92A1E158C00ACDC62 /* Products */,
			);
			sourceTree = "<group>";
		};
		3DA6DDE92A1E158C00ACDC62 /* Products */ = {
			isa = PBXGroup;
			children = (
				3DA6DDE82A1E158C00ACDC62 /* qr_scanner.app */,
				3DA6DDF82A1E158D00ACDC62 /* qr_scannerTests.xctest */,
				3DA6DE022A1E158D00ACDC62 /* qr_scannerUITests.xctest */,
			);
			name = Products;
			sourceTree = "<group>";
		};
		3DA6DDEA2A1E158C00ACDC62 /* qr_scanner */ = {
			isa = PBXGroup;
			children = (
				3DA6DE1A2A1E1D4C00ACDC62 /* qr-scanner-Info.plist */,
				3DA6DE182A1E18C400ACDC62 /* QRScanner.swift */,
				3DA6DDEB2A1E158C00ACDC62 /* qr_scannerApp.swift */,
				3DA6DDED2A1E158C00ACDC62 /* ContentView.swift */,
				3DA6DDEF2A1E158D00ACDC62 /* Assets.xcassets */,
				3DA6DDF12A1E158D00ACDC62 /* Preview Content */,
			);
			path = qr_scanner;
			sourceTree = "<group>";
		};
		3DA6DDF12A1E158D00ACDC62 /* Preview Content */ = {
			isa = PBXGroup;
			children = (
				3DA6DDF22A1E158D00ACDC62 /* Preview Assets.xcassets */,
			);
			path = "Preview Content";
			sourceTree = "<group>";
		};
		3DA6DDFB2A1E158D00ACDC62 /* qr_scannerTests */ = {
			isa = PBXGroup;
			children = (
				3DA6DDFC2A1E158D00ACDC62 /* qr_scannerTests.swift */,
			);
			path = qr_scannerTests;
			sourceTree = "<group>";
		};
		3DA6DE052A1E158D00ACDC62 /* qr_scannerUITests */ = {
			isa = PBXGroup;
			children = (
				3DA6DE062A1E158D00ACDC62 /* qr_scannerUITests.swift */,
				3DA6DE082A1E158D00ACDC62 /* qr_scannerUITestsLaunchTests.swift */,
			);
			path = qr_scannerUITests;
			sourceTree = "<group>";
		};
/* End PBXGroup section */

/* Begin PBXNativeTarget section */
		3DA6DDE72A1E158C00ACDC62 /* qr_scanner */ = {
			isa = PBXNativeTarget;
			buildConfigurationList = 3DA6DE0C2A1E158D00ACDC62 /* Build configuration list for PBXNativeTarget "qr_scanner" */;
			buildPhases = (
				3DA6DDE42A1E158C00ACDC62 /* Sources */,
				3DA6DDE52A1E158C00ACDC62 /* Frameworks */,
				3DA6DDE62A1E158C00ACDC62 /* Resources */,
			);
			buildRules = (
			);
			dependencies = (
			);
			name = qr_scanner;
			packageProductDependencies = (
				3DA6DE162A1E165A00ACDC62 /* SwiftQRCodeScanner */,
			);
			productName = qr_scanner;
			productReference = 3DA6DDE82A1E158C00ACDC62 /* qr_scanner.app */;
			productType = "com.apple.product-type.application";
		};
		3DA6DDF72A1E158D00ACDC62 /* qr_scannerTests */ = {
			isa = PBXNativeTarget;
			buildConfigurationList = 3DA6DE0F2A1E158D00ACDC62 /* Build configuration list for PBXNativeTarget "qr_scannerTests" */;
			buildPhases = (
				3DA6DDF42A1E158D00ACDC62 /* Sources */,
				3DA6DDF52A1E158D00ACDC62 /* Frameworks */,
				3DA6DDF62A1E158D00ACDC62 /* Resources */,
			);
			buildRules = (
			);
			dependencies = (
				3DA6DDFA2A1E158D00ACDC62 /* PBXTargetDependency */,
			);
			name = qr_scannerTests;
			productName = qr_scannerTests;
			productReference = 3DA6DDF82A1E158D00ACDC62 /* qr_scannerTests.xctest */;
			productType = "com.apple.product-type.bundle.unit-test";
		};
		3DA6DE012A1E158D00ACDC62 /* qr_scannerUITests */ = {
			isa = PBXNativeTarget;
			buildConfigurationList = 3DA6DE122A1E158D00ACDC62 /* Build configuration list for PBXNativeTarget "qr_scannerUITests" */;
			buildPhases = (
				3DA6DDFE2A1E158D00ACDC62 /* Sources */,
				3DA6DDFF2A1E158D00ACDC62 /* Frameworks */,
				3DA6DE002A1E158D00ACDC62 /* Resources */,
			);
			buildRules = (
			);
			dependencies = (
				3DA6DE042A1E158D00ACDC62 /* PBXTargetDependency */,
			);
			name = qr_scannerUITests;
			productName = qr_scannerUITests;
			productReference = 3DA6DE022A1E158D00ACDC62 /* qr_scannerUITests.xctest */;
			productType = "com.apple.product-type.bundle.ui-testing";
		};
/* End PBXNativeTarget section */

/* Begin PBXProject section */
		3DA6DDE02A1E158C00ACDC62 /* Project object */ = {
			isa = PBXProject;
			attributes = {
				BuildIndependentTargetsInParallel = 1;
				LastSwiftUpdateCheck = 1430;
				LastUpgradeCheck = 1430;
				TargetAttributes = {
					3DA6DDE72A1E158C00ACDC62 = {
						CreatedOnToolsVersion = 14.3;
					};
					3DA6DDF72A1E158D00ACDC62 = {
						CreatedOnToolsVersion = 14.3;
						TestTargetID = 3DA6DDE72A1E158C00ACDC62;
					};
					3DA6DE012A1E158D00ACDC62 = {
						CreatedOnToolsVersion = 14.3;
						TestTargetID = 3DA6DDE72A1E158C00ACDC62;
					};
				};
			};
			buildConfigurationList = 3DA6DDE32A1E158C00ACDC62 /* Build configuration list for PBXProject "qr_scanner" */;
			compatibilityVersion = "Xcode 14.0";
			developmentRegion = en;
			hasScannedForEncodings = 0;
			knownRegions = (
				en,
				Base,
			);
			mainGroup = 3DA6DDDF2A1E158C00ACDC62;
			packageReferences = (
				3DA6DE152A1E165A00ACDC62 /* XCRemoteSwiftPackageReference "SwiftQRScanner" */,
			);
			productRefGroup = 3DA6DDE92A1E158C00ACDC62 /* Products */;
			projectDirPath = "";
			projectRoot = "";
			targets = (
				3DA6DDE72A1E158C00ACDC62 /* qr_scanner */,
				3DA6DDF72A1E158D00ACDC62 /* qr_scannerTests */,
				3DA6DE012A1E158D00ACDC62 /* qr_scannerUITests */,
			);
		};
/* End PBXProject section */

/* Begin PBXResourcesBuildPhase section */
		3DA6DDE62A1E158C00ACDC62 /* Resources */ = {
			isa = PBXResourcesBuildPhase;
			buildActionMask = 2147483647;
			files = (
				3DA6DDF32A1E158D00ACDC62 /* Preview Assets.xcassets in Resources */,
				3DA6DDF02A1E158D00ACDC62 /* Assets.xcassets in Resources */,
			);
			runOnlyForDeploymentPostprocessing = 0;
		};
		3DA6DDF62A1E158D00ACDC62 /* Resources */ = {
			isa = PBXResourcesBuildPhase;
			buildActionMask = 2147483647;
			files = (
			);
			runOnlyForDeploymentPostprocessing = 0;
		};
		3DA6DE002A1E158D00ACDC62 /* Resources */ = {
			isa = PBXResourcesBuildPhase;
			buildActionMask = 2147483647;
			files = (
			);
			runOnlyForDeploymentPostprocessing = 0;
		};
/* End PBXResourcesBuildPhase section */

/* Begin PBXSourcesBuildPhase section */
		3DA6DDE42A1E158C00ACDC62 /* Sources */ = {
			isa = PBXSourcesBuildPhase;
			buildActionMask = 2147483647;
			files = (
				3DA6DE192A1E18C400ACDC62 /* QRScanner.swift in Sources */,
				3DA6DDEE2A1E158C00ACDC62 /* ContentView.swift in Sources */,
				3DA6DDEC2A1E158C00ACDC62 /* qr_scannerApp.swift in Sources */,
			);
			runOnlyForDeploymentPostprocessing = 0;
		};
		3DA6DDF42A1E158D00ACDC62 /* Sources */ = {
			isa = PBXSourcesBuildPhase;
			buildActionMask = 2147483647;
			files = (
				3DA6DDFD2A1E158D00ACDC62 /* qr_scannerTests.swift in Sources */,
			);
			runOnlyForDeploymentPostprocessing = 0;
		};
		3DA6DDFE2A1E158D00ACDC62 /* Sources */ = {
			isa = PBXSourcesBuildPhase;
			buildActionMask = 2147483647;
			files = (
				3DA6DE092A1E158D00ACDC62 /* qr_scannerUITestsLaunchTests.swift in Sources */,
				3DA6DE072A1E158D00ACDC62 /* qr_scannerUITests.swift in Sources */,
			);
			runOnlyForDeploymentPostprocessing = 0;
		};
/* End PBXSourcesBuildPhase section */

/* Begin PBXTargetDependency section */
		3DA6DDFA2A1E158D00ACDC62 /* PBXTargetDependency */ = {
			isa = PBXTargetDependency;
			target = 3DA6DDE72A1E158C00ACDC62 /* qr_scanner */;
			targetProxy = 3DA6DDF92A1E158D00ACDC62 /* PBXContainerItemProxy */;
		};
		3DA6DE042A1E158D00ACDC62 /* PBXTargetDependency */ = {
			isa = PBXTargetDependency;
			target = 3DA6DDE72A1E158C00ACDC62 /* qr_scanner */;
			targetProxy = 3DA6DE032A1E158D00ACDC62 /* PBXContainerItemProxy */;
		};
/* End PBXTargetDependency section */

/* Begin XCBuildConfiguration section */
		3DA6DE0A2A1E158D00ACDC62 /* Debug */ = {
			isa = XCBuildConfiguration;
			buildSettings = {
				ALWAYS_SEARCH_USER_PATHS = NO;
				CLANG_ANALYZER_NONNULL = YES;
				CLANG_ANALYZER_NUMBER_OBJECT_CONVERSION = YES_AGGRESSIVE;
				CLANG_CXX_LANGUAGE_STANDARD = "gnu++20";
				CLANG_ENABLE_MODULES = YES;
				CLANG_ENABLE_OBJC_ARC = YES;
				CLANG_ENABLE_OBJC_WEAK = YES;
				CLANG_WARN_BLOCK_CAPTURE_AUTORELEASING = YES;
				CLANG_WARN_BOOL_CONVERSION = YES;
				CLANG_WARN_COMMA = YES;
				CLANG_WARN_CONSTANT_CONVERSION = YES;
				CLANG_WARN_DEPRECATED_OBJC_IMPLEMENTATIONS = YES;
				CLANG_WARN_DIRECT_OBJC_ISA_USAGE = YES_ERROR;
				CLANG_WARN_DOCUMENTATION_COMMENTS = YES;
				CLANG_WARN_EMPTY_BODY = YES;
				CLANG_WARN_ENUM_CONVERSION = YES;
				CLANG_WARN_INFINITE_RECURSION = YES;
				CLANG_WARN_INT_CONVERSION = YES;
				CLANG_WARN_NON_LITERAL_NULL_CONVERSION = YES;
				CLANG_WARN_OBJC_IMPLICIT_RETAIN_SELF = YES;
				CLANG_WARN_OBJC_LITERAL_CONVERSION = YES;
				CLANG_WARN_OBJC_ROOT_CLASS = YES_ERROR;
				CLANG_WARN_QUOTED_INCLUDE_IN_FRAMEWORK_HEADER = YES;
				CLANG_WARN_RANGE_LOOP_ANALYSIS = YES;
				CLANG_WARN_STRICT_PROTOTYPES = YES;
				CLANG_WARN_SUSPICIOUS_MOVE = YES;
				CLANG_WARN_UNGUARDED_AVAILABILITY = YES_AGGRESSIVE;
				CLANG_WARN_UNREACHABLE_CODE = YES;
				CLANG_WARN__DUPLICATE_METHOD_MATCH = YES;
				COPY_PHASE_STRIP = NO;
				DEBUG_INFORMATION_FORMAT = dwarf;
				ENABLE_STRICT_OBJC_MSGSEND = YES;
				ENABLE_TESTABILITY = YES;
				GCC_C_LANGUAGE_STANDARD = gnu11;
				GCC_DYNAMIC_NO_PIC = NO;
				GCC_NO_COMMON_BLOCKS = YES;
				GCC_OPTIMIZATION_LEVEL = 0;
				GCC_PREPROCESSOR_DEFINITIONS = (
					"DEBUG=1",
					"$(inherited)",
				);
				GCC_WARN_64_TO_32_BIT_CONVERSION = YES;
				GCC_WARN_ABOUT_RETURN_TYPE = YES_ERROR;
				GCC_WARN_UNDECLARED_SELECTOR = YES;
				GCC_WARN_UNINITIALIZED_AUTOS = YES_AGGRESSIVE;
				GCC_WARN_UNUSED_FUNCTION = YES;
				GCC_WARN_UNUSED_VARIABLE = YES;
				IPHONEOS_DEPLOYMENT_TARGET = 16.4;
				MTL_ENABLE_DEBUG_INFO = INCLUDE_SOURCE;
				MTL_FAST_MATH = YES;
				ONLY_ACTIVE_ARCH = YES;
				SDKROOT = iphoneos;
				SWIFT_ACTIVE_COMPILATION_CONDITIONS = DEBUG;
				SWIFT_OPTIMIZATION_LEVEL = "-Onone";
			};
			name = Debug;
		};
		3DA6DE0B2A1E158D00ACDC62 /* Release */ = {
			isa = XCBuildConfiguration;
			buildSettings = {
				ALWAYS_SEARCH_USER_PATHS = NO;
				CLANG_ANALYZER_NONNULL = YES;
				CLANG_ANALYZER_NUMBER_OBJECT_CONVERSION = YES_AGGRESSIVE;
				CLANG_CXX_LANGUAGE_STANDARD = "gnu++20";
				CLANG_ENABLE_MODULES = YES;
				CLANG_ENABLE_OBJC_ARC = YES;
				CLANG_ENABLE_OBJC_WEAK = YES;
				CLANG_WARN_BLOCK_CAPTURE_AUTORELEASING = YES;
				CLANG_WARN_BOOL_CONVERSION = YES;
				CLANG_WARN_COMMA = YES;
				CLANG_WARN_CONSTANT_CONVERSION = YES;
				CLANG_WARN_DEPRECATED_OBJC_IMPLEMENTATIONS = YES;
				CLANG_WARN_DIRECT_OBJC_ISA_USAGE = YES_ERROR;
				CLANG_WARN_DOCUMENTATION_COMMENTS = YES;
				CLANG_WARN_EMPTY_BODY = YES;
				CLANG_WARN_ENUM_CONVERSION = YES;
				CLANG_WARN_INFINITE_RECURSION = YES;
				CLANG_WARN_INT_CONVERSION = YES;
				CLANG_WARN_NON_LITERAL_NULL_CONVERSION = YES;
				CLANG_WARN_OBJC_IMPLICIT_RETAIN_SELF = YES;
				CLANG_WARN_OBJC_LITERAL_CONVERSION = YES;
				CLANG_WARN_OBJC_ROOT_CLASS = YES_ERROR;
				CLANG_WARN_QUOTED_INCLUDE_IN_FRAMEWORK_HEADER = YES;
				CLANG_WARN_RANGE_LOOP_ANALYSIS = YES;
				CLANG_WARN_STRICT_PROTOTYPES = YES;
				CLANG_WARN_SUSPICIOUS_MOVE = YES;
				CLANG_WARN_UNGUARDED_AVAILABILITY = YES_AGGRESSIVE;
				CLANG_WARN_UNREACHABLE_CODE = YES;
				CLANG_WARN__DUPLICATE_METHOD_MATCH = YES;
				COPY_PHASE_STRIP = NO;
				DEBUG_INFORMATION_FORMAT = "dwarf-with-dsym";
				ENABLE_NS_ASSERTIONS = NO;
				ENABLE_STRICT_OBJC_MSGSEND = YES;
				GCC_C_LANGUAGE_STANDARD = gnu11;
				GCC_NO_COMMON_BLOCKS = YES;
				GCC_WARN_64_TO_32_BIT_CONVERSION = YES;
				GCC_WARN_ABOUT_RETURN_TYPE = YES_ERROR;
				GCC_WARN_UNDECLARED_SELECTOR = YES;
				GCC_WARN_UNINITIALIZED_AUTOS = YES_AGGRESSIVE;
				GCC_WARN_UNUSED_FUNCTION = YES;
				GCC_WARN_UNUSED_VARIABLE = YES;
				IPHONEOS_DEPLOYMENT_TARGET = 16.4;
				MTL_ENABLE_DEBUG_INFO = NO;
				MTL_FAST_MATH = YES;
				SDKROOT = iphoneos;
				SWIFT_COMPILATION_MODE = wholemodule;
				SWIFT_OPTIMIZATION_LEVEL = "-O";
				VALIDATE_PRODUCT = YES;
			};
			name = Release;
		};
		3DA6DE0D2A1E158D00ACDC62 /* Debug */ = {
			isa = XCBuildConfiguration;
			buildSettings = {
				ASSETCATALOG_COMPILER_APPICON_NAME = AppIcon;
				ASSETCATALOG_COMPILER_GLOBAL_ACCENT_COLOR_NAME = AccentColor;
				CODE_SIGN_STYLE = Automatic;
				CURRENT_PROJECT_VERSION = 1;
				DEVELOPMENT_ASSET_PATHS = "\"qr_scanner/Preview Content\"";
				DEVELOPMENT_TEAM = SL44Q4N53D;
				ENABLE_PREVIEWS = YES;
				GENERATE_INFOPLIST_FILE = YES;
				INFOPLIST_FILE = "qr-scanner-Info.plist";
				INFOPLIST_KEY_NSCameraUsageDescription = "$(PRODUCT_NAME) needs camera to scan QR codes";
				INFOPLIST_KEY_NSPhotoLibraryUsageDescription = "$(PRODUCT_NAME) needs to see files to extract QR code";
				INFOPLIST_KEY_UIApplicationSceneManifest_Generation = YES;
				INFOPLIST_KEY_UIApplicationSupportsIndirectInputEvents = YES;
				INFOPLIST_KEY_UILaunchScreen_Generation = YES;
				INFOPLIST_KEY_UISupportedInterfaceOrientations_iPad = "UIInterfaceOrientationPortrait UIInterfaceOrientationPortraitUpsideDown UIInterfaceOrientationLandscapeLeft UIInterfaceOrientationLandscapeRight";
				INFOPLIST_KEY_UISupportedInterfaceOrientations_iPhone = UIInterfaceOrientationPortrait;
				LD_RUNPATH_SEARCH_PATHS = (
					"$(inherited)",
					"@executable_path/Frameworks",
				);
				MARKETING_VERSION = 1.0;
				PRODUCT_BUNDLE_IDENTIFIER = "com.pythonanywhere.eu.janprikryl.qr-scanner";
				PRODUCT_NAME = "$(TARGET_NAME)";
				SWIFT_EMIT_LOC_STRINGS = YES;
				SWIFT_VERSION = 5.0;
				TARGETED_DEVICE_FAMILY = "1,2";
			};
			name = Debug;
		};
		3DA6DE0E2A1E158D00ACDC62 /* Release */ = {
			isa = XCBuildConfiguration;
			buildSettings = {
				ASSETCATALOG_COMPILER_APPICON_NAME = AppIcon;
				ASSETCATALOG_COMPILER_GLOBAL_ACCENT_COLOR_NAME = AccentColor;
				CODE_SIGN_STYLE = Automatic;
				CURRENT_PROJECT_VERSION = 1;
				DEVELOPMENT_ASSET_PATHS = "\"qr_scanner/Preview Content\"";
				DEVELOPMENT_TEAM = SL44Q4N53D;
				ENABLE_PREVIEWS = YES;
				GENERATE_INFOPLIST_FILE = YES;
				INFOPLIST_FILE = "qr-scanner-Info.plist";
				INFOPLIST_KEY_NSCameraUsageDescription = "$(PRODUCT_NAME) needs camera to scan QR codes";
				INFOPLIST_KEY_NSPhotoLibraryUsageDescription = "$(PRODUCT_NAME) needs to see files to extract QR code";
				INFOPLIST_KEY_UIApplicationSceneManifest_Generation = YES;
				INFOPLIST_KEY_UIApplicationSupportsIndirectInputEvents = YES;
				INFOPLIST_KEY_UILaunchScreen_Generation = YES;
				INFOPLIST_KEY_UISupportedInterfaceOrientations_iPad = "UIInterfaceOrientationPortrait UIInterfaceOrientationPortraitUpsideDown UIInterfaceOrientationLandscapeLeft UIInterfaceOrientationLandscapeRight";
				INFOPLIST_KEY_UISupportedInterfaceOrientations_iPhone = UIInterfaceOrientationPortrait;
				LD_RUNPATH_SEARCH_PATHS = (
					"$(inherited)",
					"@executable_path/Frameworks",
				);
				MARKETING_VERSION = 1.0;
				PRODUCT_BUNDLE_IDENTIFIER = "com.pythonanywhere.eu.janprikryl.qr-scanner";
				PRODUCT_NAME = "$(TARGET_NAME)";
				SWIFT_EMIT_LOC_STRINGS = YES;
				SWIFT_VERSION = 5.0;
				TARGETED_DEVICE_FAMILY = "1,2";
			};
			name = Release;
		};
		3DA6DE102A1E158D00ACDC62 /* Debug */ = {
			isa = XCBuildConfiguration;
			buildSettings = {
				ALWAYS_EMBED_SWIFT_STANDARD_LIBRARIES = YES;
				BUNDLE_LOADER = "$(TEST_HOST)";
				CODE_SIGN_STYLE = Automatic;
				CURRENT_PROJECT_VERSION = 1;
				DEVELOPMENT_TEAM = SL44Q4N53D;
				GENERATE_INFOPLIST_FILE = YES;
				IPHONEOS_DEPLOYMENT_TARGET = 16.4;
				MARKETING_VERSION = 1.0;
				PRODUCT_BUNDLE_IDENTIFIER = "com.pythonanywhere.eu.janprikryl.qr-scannerTests";
				PRODUCT_NAME = "$(TARGET_NAME)";
				SWIFT_EMIT_LOC_STRINGS = NO;
				SWIFT_VERSION = 5.0;
				TARGETED_DEVICE_FAMILY = "1,2";
				TEST_HOST = "$(BUILT_PRODUCTS_DIR)/qr_scanner.app/$(BUNDLE_EXECUTABLE_FOLDER_PATH)/qr_scanner";
			};
			name = Debug;
		};
		3DA6DE112A1E158D00ACDC62 /* Release */ = {
			isa = XCBuildConfiguration;
			buildSettings = {
				ALWAYS_EMBED_SWIFT_STANDARD_LIBRARIES = YES;
				BUNDLE_LOADER = "$(TEST_HOST)";
				CODE_SIGN_STYLE = Automatic;
				CURRENT_PROJECT_VERSION = 1;
				DEVELOPMENT_TEAM = SL44Q4N53D;
				GENERATE_INFOPLIST_FILE = YES;
				IPHONEOS_DEPLOYMENT_TARGET = 16.4;
				MARKETING_VERSION = 1.0;
				PRODUCT_BUNDLE_IDENTIFIER = "com.pythonanywhere.eu.janprikryl.qr-scannerTests";
				PRODUCT_NAME = "$(TARGET_NAME)";
				SWIFT_EMIT_LOC_STRINGS = NO;
				SWIFT_VERSION = 5.0;
				TARGETED_DEVICE_FAMILY = "1,2";
				TEST_HOST = "$(BUILT_PRODUCTS_DIR)/qr_scanner.app/$(BUNDLE_EXECUTABLE_FOLDER_PATH)/qr_scanner";
			};
			name = Release;
		};
		3DA6DE132A1E158D00ACDC62 /* Debug */ = {
			isa = XCBuildConfiguration;
			buildSettings = {
				ALWAYS_EMBED_SWIFT_STANDARD_LIBRARIES = YES;
				CODE_SIGN_STYLE = Automatic;
				CURRENT_PROJECT_VERSION = 1;
				DEVELOPMENT_TEAM = SL44Q4N53D;
				GENERATE_INFOPLIST_FILE = YES;
				MARKETING_VERSION = 1.0;
				PRODUCT_BUNDLE_IDENTIFIER = "com.pythonanywhere.eu.janprikryl.qr-scannerUITests";
				PRODUCT_NAME = "$(TARGET_NAME)";
				SWIFT_EMIT_LOC_STRINGS = NO;
				SWIFT_VERSION = 5.0;
				TARGETED_DEVICE_FAMILY = "1,2";
				TEST_TARGET_NAME = qr_scanner;
			};
			name = Debug;
		};
		3DA6DE142A1E158D00ACDC62 /* Release */ = {
			isa = XCBuildConfiguration;
			buildSettings = {
				ALWAYS_EMBED_SWIFT_STANDARD_LIBRARIES = YES;
				CODE_SIGN_STYLE = Automatic;
				CURRENT_PROJECT_VERSION = 1;
				DEVELOPMENT_TEAM = SL44Q4N53D;
				GENERATE_INFOPLIST_FILE = YES;
				MARKETING_VERSION = 1.0;
				PRODUCT_BUNDLE_IDENTIFIER = "com.pythonanywhere.eu.janprikryl.qr-scannerUITests";
				PRODUCT_NAME = "$(TARGET_NAME)";
				SWIFT_EMIT_LOC_STRINGS = NO;
				SWIFT_VERSION = 5.0;
				TARGETED_DEVICE_FAMILY = "1,2";
				TEST_TARGET_NAME = qr_scanner;
			};
			name = Release;
		};
/* End XCBuildConfiguration section */

/* Begin XCConfigurationList section */
		3DA6DDE32A1E158C00ACDC62 /* Build configuration list for PBXProject "qr_scanner" */ = {
			isa = XCConfigurationList;
			buildConfigurations = (
				3DA6DE0A2A1E158D00ACDC62 /* Debug */,
				3DA6DE0B2A1E158D00ACDC62 /* Release */,
			);
			defaultConfigurationIsVisible = 0;
			defaultConfigurationName = Release;
		};
		3DA6DE0C2A1E158D00ACDC62 /* Build configuration list for PBXNativeTarget "qr_scanner" */ = {
			isa = XCConfigurationList;
			buildConfigurations = (
				3DA6DE0D2A1E158D00ACDC62 /* Debug */,
				3DA6DE0E2A1E158D00ACDC62 /* Release */,
			);
			defaultConfigurationIsVisible = 0;
			defaultConfigurationName = Release;
		};
		3DA6DE0F2A1E158D00ACDC62 /* Build configuration list for PBXNativeTarget "qr_scannerTests" */ = {
			isa = XCConfigurationList;
			buildConfigurations = (
				3DA6DE102A1E158D00ACDC62 /* Debug */,
				3DA6DE112A1E158D00ACDC62 /* Release */,
			);
			defaultConfigurationIsVisible = 0;
			defaultConfigurationName = Release;
		};
		3DA6DE122A1E158D00ACDC62 /* Build configuration list for PBXNativeTarget "qr_scannerUITests" */ = {
			isa = XCConfigurationList;
			buildConfigurations = (
				3DA6DE132A1E158D00ACDC62 /* Debug */,
				3DA6DE142A1E158D00ACDC62 /* Release */,
			);
			defaultConfigurationIsVisible = 0;
			defaultConfigurationName = Release;
		};
/* End XCConfigurationList section */

/* Begin XCRemoteSwiftPackageReference section */
		3DA6DE152A1E165A00ACDC62 /* XCRemoteSwiftPackageReference "SwiftQRScanner" */ = {
			isa = XCRemoteSwiftPackageReference;
			repositoryURL = "https://github.com/vinodiOS/SwiftQRScanner";
			requirement = {
				kind = upToNextMajorVersion;
				minimumVersion = 1.0.0;
			};
		};
/* End XCRemoteSwiftPackageReference section */

/* Begin XCSwiftPackageProductDependency section */
		3DA6DE162A1E165A00ACDC62 /* SwiftQRCodeScanner */ = {
			isa = XCSwiftPackageProductDependency;
			package = 3DA6DE152A1E165A00ACDC62 /* XCRemoteSwiftPackageReference "SwiftQRScanner" */;
			productName = SwiftQRCodeScanner;
		};
/* End XCSwiftPackageProductDependency section */
	};
	rootObject = 3DA6DDE02A1E158C00ACDC62 /* Project object */;
}
